
Microsoft Visual Studio Solution File, Format Version 12.00
# Visual Studio Version 17
VisualStudioVersion = 17.14.36414.22 d17.14
MinimumVisualStudioVersion = 10.0.40219.1
Project("{FAE04EC0-301F-11D3-BF4B-00C04F79EFBC}") = "RoutineOrganizer.Api", "RoutineOrganizer.Api\RoutineOrganizer.Api.csproj", "{A13DBCDC-956E-4305-B8BE-706457BA107F}"
EndProject
Global
	GlobalSection(SolutionConfigurationPlatforms) = preSolution
		Debug|Any CPU = Debug|Any CPU
		Release|Any CPU = Release|Any CPU
	EndGlobalSection
	GlobalSection(ProjectConfigurationPlatforms) = postSolution
		{A13DBCDC-956E-4305-B8BE-706457BA107F}.Debug|Any CPU.ActiveCfg = Debug|Any CPU
		{A13DBCDC-956E-4305-B8BE-706457BA107F}.Debug|Any CPU.Build.0 = Debug|Any CPU
		{A13DBCDC-956E-4305-B8BE-706457BA107F}.Release|Any CPU.ActiveCfg = Release|Any CPU
		{A13DBCDC-956E-4305-B8BE-706457BA107F}.Release|Any CPU.Build.0 = Release|Any CPU
	EndGlobalSection
	GlobalSection(SolutionProperties) = preSolution
		HideSolutionNode = FALSE
	EndGlobalSection
	GlobalSection(ExtensibilityGlobals) = postSolution
		SolutionGuid = {8217E12D-82CE-4A45-A1A0-F7D471511FDF}
	EndGlobalSection
EndGlobal
